
Microsoft Visual Studio Solution File, Format Version 12.00
# Visual Studio Version 16
VisualStudioVersion = 16.0.30114.105
MinimumVisualStudioVersion = 10.0.40219.1
Project("{2150E333-8FDC-42A3-9474-1A3956D46DE8}") = "src", "src", "{61952CC1-3075-4479-97FD-9B55D326ACA9}"
EndProject
Project("{FAE04EC0-301F-11D3-BF4B-00C04F79EFBC}") = "CarteiraPet.WebApp", "src\CarteiraPet.WebApp\CarteiraPet.WebApp.csproj", "{DD3AC8F0-095F-447A-835C-6FE54352FD4D}"
EndProject
Project("{FAE04EC0-301F-11D3-BF4B-00C04F79EFBC}") = "CarteiraPet.Infra.Identity", "src\CarteiraPet.Infra.Identity\CarteiraPet.Infra.Identity.csproj", "{614A767F-B418-449E-8736-ED0462FED4FC}"
EndProject
Project("{FAE04EC0-301F-11D3-BF4B-00C04F79EFBC}") = "CarteiraPet.Domain", "src\CarteiraPet.Domain\CarteiraPet.Domain.csproj", "{C8E02223-DC98-4FE8-B744-B5FCF59786F8}"
EndProject
Project("{FAE04EC0-301F-11D3-BF4B-00C04F79EFBC}") = "CarteiraPet.Service", "src\CarteiraPet.Service\CarteiraPet.Service.csproj", "{BA2510BF-3D47-4A35-B98F-40186738E9E9}"
EndProject
Project("{FAE04EC0-301F-11D3-BF4B-00C04F79EFBC}") = "CarteiraPet.Commom", "src\CarteiraPet.Commom\CarteiraPet.Commom.csproj", "{183068C4-12BF-430D-A16C-F8C7FAFE4B21}"
EndProject
Project("{FAE04EC0-301F-11D3-BF4B-00C04F79EFBC}") = "CarteiraPet.Infra.Domain", "src\CarteiraPet.Infra.Domain\CarteiraPet.Infra.Domain.csproj", "{1F1D2BE9-8B15-48FC-922A-29D3C04CF549}"
EndProject
Project("{FAE04EC0-301F-11D3-BF4B-00C04F79EFBC}") = "CarteiraPet.Ioc", "src\CarteiraPet.Ioc\CarteiraPet.Ioc.csproj", "{0A064632-FED0-4324-9C3F-95311AB3D21E}"
EndProject
Project("{2150E333-8FDC-42A3-9474-1A3956D46DE8}") = "tests", "tests", "{E4C69B9B-801B-48B9-82BD-2833B8585DBC}"
EndProject
Project("{FAE04EC0-301F-11D3-BF4B-00C04F79EFBC}") = "CarteiraPet.IntegrationTests", "CarteiraPet.IntegrationTests\CarteiraPet.IntegrationTests.csproj", "{B152B92D-AF71-485B-9175-9FD0D05A415F}"
EndProject
Global
	GlobalSection(SolutionConfigurationPlatforms) = preSolution
		Debug|Any CPU = Debug|Any CPU
		Debug|x64 = Debug|x64
		Debug|x86 = Debug|x86
		Release|Any CPU = Release|Any CPU
		Release|x64 = Release|x64
		Release|x86 = Release|x86
	EndGlobalSection
	GlobalSection(SolutionProperties) = preSolution
		HideSolutionNode = FALSE
	EndGlobalSection
	GlobalSection(ProjectConfigurationPlatforms) = postSolution
		{DD3AC8F0-095F-447A-835C-6FE54352FD4D}.Debug|Any CPU.ActiveCfg = Debug|Any CPU
		{DD3AC8F0-095F-447A-835C-6FE54352FD4D}.Debug|Any CPU.Build.0 = Debug|Any CPU
		{DD3AC8F0-095F-447A-835C-6FE54352FD4D}.Debug|x64.ActiveCfg = Debug|Any CPU
		{DD3AC8F0-095F-447A-835C-6FE54352FD4D}.Debug|x64.Build.0 = Debug|Any CPU
		{DD3AC8F0-095F-447A-835C-6FE54352FD4D}.Debug|x86.ActiveCfg = Debug|Any CPU
		{DD3AC8F0-095F-447A-835C-6FE54352FD4D}.Debug|x86.Build.0 = Debug|Any CPU
		{DD3AC8F0-095F-447A-835C-6FE54352FD4D}.Release|Any CPU.ActiveCfg = Release|Any CPU
		{DD3AC8F0-095F-447A-835C-6FE54352FD4D}.Release|Any CPU.Build.0 = Release|Any CPU
		{DD3AC8F0-095F-447A-835C-6FE54352FD4D}.Release|x64.ActiveCfg = Release|Any CPU
		{DD3AC8F0-095F-447A-835C-6FE54352FD4D}.Release|x64.Build.0 = Release|Any CPU
		{DD3AC8F0-095F-447A-835C-6FE54352FD4D}.Release|x86.ActiveCfg = Release|Any CPU
		{DD3AC8F0-095F-447A-835C-6FE54352FD4D}.Release|x86.Build.0 = Release|Any CPU
		{614A767F-B418-449E-8736-ED0462FED4FC}.Debug|Any CPU.ActiveCfg = Debug|Any CPU
		{614A767F-B418-449E-8736-ED0462FED4FC}.Debug|Any CPU.Build.0 = Debug|Any CPU
		{614A767F-B418-449E-8736-ED0462FED4FC}.Debug|x64.ActiveCfg = Debug|Any CPU
		{614A767F-B418-449E-8736-ED0462FED4FC}.Debug|x64.Build.0 = Debug|Any CPU
		{614A767F-B418-449E-8736-ED0462FED4FC}.Debug|x86.ActiveCfg = Debug|Any CPU
		{614A767F-B418-449E-8736-ED0462FED4FC}.Debug|x86.Build.0 = Debug|Any CPU
		{614A767F-B418-449E-8736-ED0462FED4FC}.Release|Any CPU.ActiveCfg = Release|Any CPU
		{614A767F-B418-449E-8736-ED0462FED4FC}.Release|Any CPU.Build.0 = Release|Any CPU
		{614A767F-B418-449E-8736-ED0462FED4FC}.Release|x64.ActiveCfg = Release|Any CPU
		{614A767F-B418-449E-8736-ED0462FED4FC}.Release|x64.Build.0 = Release|Any CPU
		{614A767F-B418-449E-8736-ED0462FED4FC}.Release|x86.ActiveCfg = Release|Any CPU
		{614A767F-B418-449E-8736-ED0462FED4FC}.Release|x86.Build.0 = Release|Any CPU
		{C8E02223-DC98-4FE8-B744-B5FCF59786F8}.Debug|Any CPU.ActiveCfg = Debug|Any CPU
		{C8E02223-DC98-4FE8-B744-B5FCF59786F8}.Debug|Any CPU.Build.0 = Debug|Any CPU
		{C8E02223-DC98-4FE8-B744-B5FCF59786F8}.Debug|x64.ActiveCfg = Debug|Any CPU
		{C8E02223-DC98-4FE8-B744-B5FCF59786F8}.Debug|x64.Build.0 = Debug|Any CPU
		{C8E02223-DC98-4FE8-B744-B5FCF59786F8}.Debug|x86.ActiveCfg = Debug|Any CPU
		{C8E02223-DC98-4FE8-B744-B5FCF59786F8}.Debug|x86.Build.0 = Debug|Any CPU
		{C8E02223-DC98-4FE8-B744-B5FCF59786F8}.Release|Any CPU.ActiveCfg = Release|Any CPU
		{C8E02223-DC98-4FE8-B744-B5FCF59786F8}.Release|Any CPU.Build.0 = Release|Any CPU
		{C8E02223-DC98-4FE8-B744-B5FCF59786F8}.Release|x64.ActiveCfg = Release|Any CPU
		{C8E02223-DC98-4FE8-B744-B5FCF59786F8}.Release|x64.Build.0 = Release|Any CPU
		{C8E02223-DC98-4FE8-B744-B5FCF59786F8}.Release|x86.ActiveCfg = Release|Any CPU
		{C8E02223-DC98-4FE8-B744-B5FCF59786F8}.Release|x86.Build.0 = Release|Any CPU
		{BA2510BF-3D47-4A35-B98F-40186738E9E9}.Debug|Any CPU.ActiveCfg = Debug|Any CPU
		{BA2510BF-3D47-4A35-B98F-40186738E9E9}.Debug|Any CPU.Build.0 = Debug|Any CPU
		{BA2510BF-3D47-4A35-B98F-40186738E9E9}.Debug|x64.ActiveCfg = Debug|Any CPU
		{BA2510BF-3D47-4A35-B98F-40186738E9E9}.Debug|x64.Build.0 = Debug|Any CPU
		{BA2510BF-3D47-4A35-B98F-40186738E9E9}.Debug|x86.ActiveCfg = Debug|Any CPU
		{BA2510BF-3D47-4A35-B98F-40186738E9E9}.Debug|x86.Build.0 = Debug|Any CPU
		{BA2510BF-3D47-4A35-B98F-40186738E9E9}.Release|Any CPU.ActiveCfg = Release|Any CPU
		{BA2510BF-3D47-4A35-B98F-40186738E9E9}.Release|Any CPU.Build.0 = Release|Any CPU
		{BA2510BF-3D47-4A35-B98F-40186738E9E9}.Release|x64.ActiveCfg = Release|Any CPU
		{BA2510BF-3D47-4A35-B98F-40186738E9E9}.Release|x64.Build.0 = Release|Any CPU
		{BA2510BF-3D47-4A35-B98F-40186738E9E9}.Release|x86.ActiveCfg = Release|Any CPU
		{BA2510BF-3D47-4A35-B98F-40186738E9E9}.Release|x86.Build.0 = Release|Any CPU
		{183068C4-12BF-430D-A16C-F8C7FAFE4B21}.Debug|Any CPU.ActiveCfg = Debug|Any CPU
		{183068C4-12BF-430D-A16C-F8C7FAFE4B21}.Debug|Any CPU.Build.0 = Debug|Any CPU
		{183068C4-12BF-430D-A16C-F8C7FAFE4B21}.Debug|x64.ActiveCfg = Debug|Any CPU
		{183068C4-12BF-430D-A16C-F8C7FAFE4B21}.Debug|x64.Build.0 = Debug|Any CPU
		{183068C4-12BF-430D-A16C-F8C7FAFE4B21}.Debug|x86.ActiveCfg = Debug|Any CPU
		{183068C4-12BF-430D-A16C-F8C7FAFE4B21}.Debug|x86.Build.0 = Debug|Any CPU
		{183068C4-12BF-430D-A16C-F8C7FAFE4B21}.Release|Any CPU.ActiveCfg = Release|Any CPU
		{183068C4-12BF-430D-A16C-F8C7FAFE4B21}.Release|Any CPU.Build.0 = Release|Any CPU
		{183068C4-12BF-430D-A16C-F8C7FAFE4B21}.Release|x64.ActiveCfg = Release|Any CPU
		{183068C4-12BF-430D-A16C-F8C7FAFE4B21}.Release|x64.Build.0 = Release|Any CPU
		{183068C4-12BF-430D-A16C-F8C7FAFE4B21}.Release|x86.ActiveCfg = Release|Any CPU
		{183068C4-12BF-430D-A16C-F8C7FAFE4B21}.Release|x86.Build.0 = Release|Any CPU
		{1F1D2BE9-8B15-48FC-922A-29D3C04CF549}.Debug|Any CPU.ActiveCfg = Debug|Any CPU
		{1F1D2BE9-8B15-48FC-922A-29D3C04CF549}.Debug|Any CPU.Build.0 = Debug|Any CPU
		{1F1D2BE9-8B15-48FC-922A-29D3C04CF549}.Debug|x64.ActiveCfg = Debug|Any CPU
		{1F1D2BE9-8B15-48FC-922A-29D3C04CF549}.Debug|x64.Build.0 = Debug|Any CPU
		{1F1D2BE9-8B15-48FC-922A-29D3C04CF549}.Debug|x86.ActiveCfg = Debug|Any CPU
		{1F1D2BE9-8B15-48FC-922A-29D3C04CF549}.Debug|x86.Build.0 = Debug|Any CPU
		{1F1D2BE9-8B15-48FC-922A-29D3C04CF549}.Release|Any CPU.ActiveCfg = Release|Any CPU
		{1F1D2BE9-8B15-48FC-922A-29D3C04CF549}.Release|Any CPU.Build.0 = Release|Any CPU
		{1F1D2BE9-8B15-48FC-922A-29D3C04CF549}.Release|x64.ActiveCfg = Release|Any CPU
		{1F1D2BE9-8B15-48FC-922A-29D3C04CF549}.Release|x64.Build.0 = Release|Any CPU
		{1F1D2BE9-8B15-48FC-922A-29D3C04CF549}.Release|x86.ActiveCfg = Release|Any CPU
		{1F1D2BE9-8B15-48FC-922A-29D3C04CF549}.Release|x86.Build.0 = Release|Any CPU
		{0A064632-FED0-4324-9C3F-95311AB3D21E}.Debug|Any CPU.ActiveCfg = Debug|Any CPU
		{0A064632-FED0-4324-9C3F-95311AB3D21E}.Debug|Any CPU.Build.0 = Debug|Any CPU
		{0A064632-FED0-4324-9C3F-95311AB3D21E}.Debug|x64.ActiveCfg = Debug|Any CPU
		{0A064632-FED0-4324-9C3F-95311AB3D21E}.Debug|x64.Build.0 = Debug|Any CPU
		{0A064632-FED0-4324-9C3F-95311AB3D21E}.Debug|x86.ActiveCfg = Debug|Any CPU
		{0A064632-FED0-4324-9C3F-95311AB3D21E}.Debug|x86.Build.0 = Debug|Any CPU
		{0A064632-FED0-4324-9C3F-95311AB3D21E}.Release|Any CPU.ActiveCfg = Release|Any CPU
		{0A064632-FED0-4324-9C3F-95311AB3D21E}.Release|Any CPU.Build.0 = Release|Any CPU
		{0A064632-FED0-4324-9C3F-95311AB3D21E}.Release|x64.ActiveCfg = Release|Any CPU
		{0A064632-FED0-4324-9C3F-95311AB3D21E}.Release|x64.Build.0 = Release|Any CPU
		{0A064632-FED0-4324-9C3F-95311AB3D21E}.Release|x86.ActiveCfg = Release|Any CPU
		{0A064632-FED0-4324-9C3F-95311AB3D21E}.Release|x86.Build.0 = Release|Any CPU
		{B152B92D-AF71-485B-9175-9FD0D05A415F}.Debug|Any CPU.ActiveCfg = Debug|Any CPU
		{B152B92D-AF71-485B-9175-9FD0D05A415F}.Debug|Any CPU.Build.0 = Debug|Any CPU
		{B152B92D-AF71-485B-9175-9FD0D05A415F}.Debug|x64.ActiveCfg = Debug|Any CPU
		{B152B92D-AF71-485B-9175-9FD0D05A415F}.Debug|x64.Build.0 = Debug|Any CPU
		{B152B92D-AF71-485B-9175-9FD0D05A415F}.Debug|x86.ActiveCfg = Debug|Any CPU
		{B152B92D-AF71-485B-9175-9FD0D05A415F}.Debug|x86.Build.0 = Debug|Any CPU
		{B152B92D-AF71-485B-9175-9FD0D05A415F}.Release|Any CPU.ActiveCfg = Release|Any CPU
		{B152B92D-AF71-485B-9175-9FD0D05A415F}.Release|Any CPU.Build.0 = Release|Any CPU
		{B152B92D-AF71-485B-9175-9FD0D05A415F}.Release|x64.ActiveCfg = Release|Any CPU
		{B152B92D-AF71-485B-9175-9FD0D05A415F}.Release|x64.Build.0 = Release|Any CPU
		{B152B92D-AF71-485B-9175-9FD0D05A415F}.Release|x86.ActiveCfg = Release|Any CPU
		{B152B92D-AF71-485B-9175-9FD0D05A415F}.Release|x86.Build.0 = Release|Any CPU
	EndGlobalSection
	GlobalSection(NestedProjects) = preSolution
		{DD3AC8F0-095F-447A-835C-6FE54352FD4D} = {61952CC1-3075-4479-97FD-9B55D326ACA9}
		{614A767F-B418-449E-8736-ED0462FED4FC} = {61952CC1-3075-4479-97FD-9B55D326ACA9}
		{C8E02223-DC98-4FE8-B744-B5FCF59786F8} = {61952CC1-3075-4479-97FD-9B55D326ACA9}
		{BA2510BF-3D47-4A35-B98F-40186738E9E9} = {61952CC1-3075-4479-97FD-9B55D326ACA9}
		{183068C4-12BF-430D-A16C-F8C7FAFE4B21} = {61952CC1-3075-4479-97FD-9B55D326ACA9}
		{1F1D2BE9-8B15-48FC-922A-29D3C04CF549} = {61952CC1-3075-4479-97FD-9B55D326ACA9}
		{0A064632-FED0-4324-9C3F-95311AB3D21E} = {61952CC1-3075-4479-97FD-9B55D326ACA9}
		{B152B92D-AF71-485B-9175-9FD0D05A415F} = {E4C69B9B-801B-48B9-82BD-2833B8585DBC}
	EndGlobalSection
EndGlobal
